
Microsoft Visual Studio Solution File, Format Version 12.00
# Visual Studio Version 17
VisualStudioVersion = 17.1.32210.238
MinimumVisualStudioVersion = 10.0.40219.1
Project("{FAE04EC0-301F-11D3-BF4B-00C04F79EFBC}") = "ProiectOOP", "ProiectOOP\ProiectOOP.csproj", "{3817D463-FCCE-42E8-B4F5-0790F7AC64EB}"
EndProject
Project("{FAE04EC0-301F-11D3-BF4B-00C04F79EFBC}") = "DataStore", "DataStore\DataStore.csproj", "{73254222-F58B-4F5A-9BA1-7656F62FB7F2}"
EndProject
Project("{FAE04EC0-301F-11D3-BF4B-00C04F79EFBC}") = "SensorInput", "SensorInput\SensorInput.csproj", "{EFB0B38B-2FD1-4659-AB71-7EED216AF122}"
EndProject
Global
	GlobalSection(SolutionConfigurationPlatforms) = preSolution
		Debug|Any CPU = Debug|Any CPU
		Release|Any CPU = Release|Any CPU
	EndGlobalSection
	GlobalSection(ProjectConfigurationPlatforms) = postSolution
		{3817D463-FCCE-42E8-B4F5-0790F7AC64EB}.Debug|Any CPU.ActiveCfg = Debug|Any CPU
		{3817D463-FCCE-42E8-B4F5-0790F7AC64EB}.Debug|Any CPU.Build.0 = Debug|Any CPU
		{3817D463-FCCE-42E8-B4F5-0790F7AC64EB}.Release|Any CPU.ActiveCfg = Release|Any CPU
		{3817D463-FCCE-42E8-B4F5-0790F7AC64EB}.Release|Any CPU.Build.0 = Release|Any CPU
		{73254222-F58B-4F5A-9BA1-7656F62FB7F2}.Debug|Any CPU.ActiveCfg = Debug|Any CPU
		{73254222-F58B-4F5A-9BA1-7656F62FB7F2}.Debug|Any CPU.Build.0 = Debug|Any CPU
		{73254222-F58B-4F5A-9BA1-7656F62FB7F2}.Release|Any CPU.ActiveCfg = Release|Any CPU
		{73254222-F58B-4F5A-9BA1-7656F62FB7F2}.Release|Any CPU.Build.0 = Release|Any CPU
		{EFB0B38B-2FD1-4659-AB71-7EED216AF122}.Debug|Any CPU.ActiveCfg = Debug|Any CPU
		{EFB0B38B-2FD1-4659-AB71-7EED216AF122}.Debug|Any CPU.Build.0 = Debug|Any CPU
		{EFB0B38B-2FD1-4659-AB71-7EED216AF122}.Release|Any CPU.ActiveCfg = Release|Any CPU
		{EFB0B38B-2FD1-4659-AB71-7EED216AF122}.Release|Any CPU.Build.0 = Release|Any CPU
	EndGlobalSection
	GlobalSection(SolutionProperties) = preSolution
		HideSolutionNode = FALSE
	EndGlobalSection
	GlobalSection(ExtensibilityGlobals) = postSolution
		SolutionGuid = {7E33B992-67E1-4306-8EEF-3BE9703FA2C8}
	EndGlobalSection
EndGlobal
